{
  "version": 1,
  "dependencies": {
    "net10.0-windows7.0": {
      "LibVLCSharp": {
        "type": "Transitive",
        "resolved": "3.10.0",
        "contentHash": "VHuOfq8Xtb/lNz0asvCm5qDjgTmfB3m3lC40Dz9iH9oL3DM0fSXHjZaLxdtYVr5nsldJoh5BTeG8MtODprhC9Q=="
      },
      "LibVLCSharp.WPF": {
        "type": "Transitive",
        "resolved": "3.10.0",
        "contentHash": "W7MFdY0QZBhATS3ZIMZSY1UYV6MqDxb+GibNzT3AzKNzDQX2Kzf27OZA5B0gA7fa2FYq79P7Jvlvdbbygis63g==",
        "dependencies": {
          "LibVLCSharp": "3.10.0"
        }
      },
      "NAudio.Core": {
        "type": "Transitive",
        "resolved": "2.3.0",
        "contentHash": "jMd7r6dB6tAtXhOYL58ntPqwERNm1/Rhw5MKOIYvsnXzuX+PTGsa2VMam6n0npZYSwlSidKa4GAm4bFcXFUlcg=="
      },
      "NAudio.Wasapi": {
        "type": "Transitive",
        "resolved": "2.3.0",
        "contentHash": "y5K2BxrLnvohgu5znzg5wRsai3YcuNXfrpo68i7PmCQqpK5MC/R24e5aO3OyN/XhfRr12e0QYV0OnUWEHi5SzA==",
        "dependencies": {
          "NAudio.Core": "2.3.0"
        }
      },
      "VideoLAN.LibVLC.Windows": {
        "type": "Transitive",
        "resolved": "3.0.23.1",
        "contentHash": "yTGNrzj+Q/t72VNKK0d64jZ+8BGu5Vcp2nxpZ2ll350LkRWKSwqShGpZWcVxXVP8TiMbeGML09+Jzz3hNsIcqA=="
      },
      "BakuretsuOsakanaKobo": {
        "type": "Project",
        "dependencies": {
          "BakuretsuOsakanaKobo.Infrastructure": "[0.1.0, )",
          "BakuretsuOsakanaKobo.Playback": "[0.1.0, )",
          "LibVLCSharp.WPF": "[3.10.0, )",
          "VideoLAN.LibVLC.Windows": "[3.0.23.1, )"
        }
      },
      "bakuretsuosakanakobo.infrastructure": {
        "type": "Project"
      },
      "bakuretsuosakanakobo.playback": {
        "type": "Project",
        "dependencies": {
          "LibVLCSharp": "[3.10.0, )",
          "NAudio.Core": "[2.3.0, )",
          "NAudio.Wasapi": "[2.3.0, )"
        }
      }
    },
    "net10.0-windows7.0/win-x64": {}
  }
}